
Microsoft Visual Studio Solution File, Format Version 12.00
# Visual Studio 15
VisualStudioVersion = 15.0.27703.2042
MinimumVisualStudioVersion = 10.0.40219.1
Project("{FAE04EC0-301F-11D3-BF4B-00C04F79EFBC}") = "BankSystem", "BankSystem\BankSystem.csproj", "{D79106B4-8A6D-457D-B578-83FEB85A8C68}"
EndProject
Global
	GlobalSection(SolutionConfigurationPlatforms) = preSolution
		Debug|Any CPU = Debug|Any CPU
		Release|Any CPU = Release|Any CPU
	EndGlobalSection
	GlobalSection(ProjectConfigurationPlatforms) = postSolution
		{D79106B4-8A6D-457D-B578-83FEB85A8C68}.Debug|Any CPU.ActiveCfg = Debug|Any CPU
		{D79106B4-8A6D-457D-B578-83FEB85A8C68}.Debug|Any CPU.Build.0 = Debug|Any CPU
		{D79106B4-8A6D-457D-B578-83FEB85A8C68}.Release|Any CPU.ActiveCfg = Release|Any CPU
		{D79106B4-8A6D-457D-B578-83FEB85A8C68}.Release|Any CPU.Build.0 = Release|Any CPU
	EndGlobalSection
	GlobalSection(SolutionProperties) = preSolution
		HideSolutionNode = FALSE
	EndGlobalSection
	GlobalSection(ExtensibilityGlobals) = postSolution
		SolutionGuid = {BA0F1B12-E729-4C99-915A-D1F3268B2746}
	EndGlobalSection
EndGlobal
