
Microsoft Visual Studio Solution File, Format Version 12.00
# Visual Studio 15
VisualStudioVersion = 15.0.27703.2042
MinimumVisualStudioVersion = 10.0.40219.1
Project("{FAE04EC0-301F-11D3-BF4B-00C04F79EFBC}") = "PracticDelegate", "PracticDelegate\PracticDelegate.csproj", "{9AB314D1-C02C-4856-8FD6-7C253315A8F4}"
EndProject
Global
	GlobalSection(SolutionConfigurationPlatforms) = preSolution
		Debug|Any CPU = Debug|Any CPU
		Release|Any CPU = Release|Any CPU
	EndGlobalSection
	GlobalSection(ProjectConfigurationPlatforms) = postSolution
		{9AB314D1-C02C-4856-8FD6-7C253315A8F4}.Debug|Any CPU.ActiveCfg = Debug|Any CPU
		{9AB314D1-C02C-4856-8FD6-7C253315A8F4}.Debug|Any CPU.Build.0 = Debug|Any CPU
		{9AB314D1-C02C-4856-8FD6-7C253315A8F4}.Release|Any CPU.ActiveCfg = Release|Any CPU
		{9AB314D1-C02C-4856-8FD6-7C253315A8F4}.Release|Any CPU.Build.0 = Release|Any CPU
	EndGlobalSection
	GlobalSection(SolutionProperties) = preSolution
		HideSolutionNode = FALSE
	EndGlobalSection
	GlobalSection(ExtensibilityGlobals) = postSolution
		SolutionGuid = {3C3DF491-5B6B-44D5-93D9-31F915B4CE86}
	EndGlobalSection
EndGlobal
